// !$*UTF8*$!
{
	archiveVersion = 1;
	classes = {
	};
	objectVersion = 46;
	objects = {

/* Begin PBXBuildFile section */
		0AFCD2AD1F169FD500E8168C /* AppDelegate.swift in Sources */ = {isa = PBXBuildFile; fileRef = 0AFCD2AC1F169FD500E8168C /* AppDelegate.swift */; };
		0AFCD2AF1F169FD500E8168C /* FirstViewController.swift in Sources */ = {isa = PBXBuildFile; fileRef = 0AFCD2AE1F169FD500E8168C /* FirstViewController.swift */; };
		0AFCD2B11F169FD500E8168C /* SecondViewController.swift in Sources */ = {isa = PBXBuildFile; fileRef = 0AFCD2B01F169FD500E8168C /* SecondViewController.swift */; };
		0AFCD2B41F169FD500E8168C /* Main.storyboard in Resources */ = {isa = PBXBuildFile; fileRef = 0AFCD2B21F169FD500E8168C /* Main.storyboard */; };
		0AFCD2B61F169FD500E8168C /* Assets.xcassets in Resources */ = {isa = PBXBuildFile; fileRef = 0AFCD2B51F169FD500E8168C /* Assets.xcassets */; };
		0AFCD2B91F169FD500E8168C /* LaunchScreen.storyboard in Resources */ = {isa = PBXBuildFile; fileRef = 0AFCD2B71F169FD500E8168C /* LaunchScreen.storyboard */; };
		0AFCD2C41F169FD500E8168C /* Grace_City_MobileTests.swift in Sources */ = {isa = PBXBuildFile; fileRef = 0AFCD2C31F169FD500E8168C /* Grace_City_MobileTests.swift */; };
		0AFCD2CF1F16A05C00E8168C /* ThirdViewController.swift in Sources */ = {isa = PBXBuildFile; fileRef = 0AFCD2CE1F16A05C00E8168C /* ThirdViewController.swift */; };
		0AFCD2D31F16A49B00E8168C /* FourthViewController.swift in Sources */ = {isa = PBXBuildFile; fileRef = 0AFCD2D21F16A49B00E8168C /* FourthViewController.swift */; };
		0AFCD2D51F16A4B600E8168C /* FifthViewController.swift in Sources */ = {isa = PBXBuildFile; fileRef = 0AFCD2D41F16A4B600E8168C /* FifthViewController.swift */; };
/* End PBXBuildFile section */

/* Begin PBXContainerItemProxy section */
		0AFCD2C01F169FD500E8168C /* PBXContainerItemProxy */ = {
			isa = PBXContainerItemProxy;
			containerPortal = 0AFCD2A11F169FD500E8168C /* Project object */;
			proxyType = 1;
			remoteGlobalIDString = 0AFCD2A81F169FD500E8168C;
			remoteInfo = "Grace City Mobile";
		};
/* End PBXContainerItemProxy section */

/* Begin PBXFileReference section */
		0AFCD2A91F169FD500E8168C /* Grace City Mobile.app */ = {isa = PBXFileReference; explicitFileType = wrapper.application; includeInIndex = 0; path = "Grace City Mobile.app"; sourceTree = BUILT_PRODUCTS_DIR; };
		0AFCD2AC1F169FD500E8168C /* AppDelegate.swift */ = {isa = PBXFileReference; lastKnownFileType = sourcecode.swift; path = AppDelegate.swift; sourceTree = "<group>"; };
		0AFCD2AE1F169FD500E8168C /* FirstViewController.swift */ = {isa = PBXFileReference; lastKnownFileType = sourcecode.swift; path = FirstViewController.swift; sourceTree = "<group>"; };
		0AFCD2B01F169FD500E8168C /* SecondViewController.swift */ = {isa = PBXFileReference; lastKnownFileType = sourcecode.swift; path = SecondViewController.swift; sourceTree = "<group>"; };
		0AFCD2B31F169FD500E8168C /* Base */ = {isa = PBXFileReference; lastKnownFileType = file.storyboard; name = Base; path = Base.lproj/Main.storyboard; sourceTree = "<group>"; };
		0AFCD2B51F169FD500E8168C /* Assets.xcassets */ = {isa = PBXFileReference; lastKnownFileType = folder.assetcatalog; path = Assets.xcassets; sourceTree = "<group>"; };
		0AFCD2B81F169FD500E8168C /* Base */ = {isa = PBXFileReference; lastKnownFileType = file.storyboard; name = Base; path = Base.lproj/LaunchScreen.storyboard; sourceTree = "<group>"; };
		0AFCD2BA1F169FD500E8168C /* Info.plist */ = {isa = PBXFileReference; lastKnownFileType = text.plist.xml; path = Info.plist; sourceTree = "<group>"; };
		0AFCD2BF1F169FD500E8168C /* Grace City MobileTests.xctest */ = {isa = PBXFileReference; explicitFileType = wrapper.cfbundle; includeInIndex = 0; path = "Grace City MobileTests.xctest"; sourceTree = BUILT_PRODUCTS_DIR; };
		0AFCD2C31F169FD500E8168C /* Grace_City_MobileTests.swift */ = {isa = PBXFileReference; lastKnownFileType = sourcecode.swift; path = Grace_City_MobileTests.swift; sourceTree = "<group>"; };
		0AFCD2C51F169FD500E8168C /* Info.plist */ = {isa = PBXFileReference; lastKnownFileType = text.plist.xml; path = Info.plist; sourceTree = "<group>"; };
		0AFCD2CE1F16A05C00E8168C /* ThirdViewController.swift */ = {isa = PBXFileReference; fileEncoding = 4; lastKnownFileType = sourcecode.swift; path = ThirdViewController.swift; sourceTree = "<group>"; };
		0AFCD2D21F16A49B00E8168C /* FourthViewController.swift */ = {isa = PBXFileReference; fileEncoding = 4; lastKnownFileType = sourcecode.swift; path = FourthViewController.swift; sourceTree = "<group>"; };
		0AFCD2D41F16A4B600E8168C /* FifthViewController.swift */ = {isa = PBXFileReference; fileEncoding = 4; lastKnownFileType = sourcecode.swift; path = FifthViewController.swift; sourceTree = "<group>"; };
/* End PBXFileReference section */

/* Begin PBXFrameworksBuildPhase section */
		0AFCD2A61F169FD500E8168C /* Frameworks */ = {
			isa = PBXFrameworksBuildPhase;
			buildActionMask = 2147483647;
			files = (
			);
			runOnlyForDeploymentPostprocessing = 0;
		};
		0AFCD2BC1F169FD500E8168C /* Frameworks */ = {
			isa = PBXFrameworksBuildPhase;
			buildActionMask = 2147483647;
			files = (
			);
			runOnlyForDeploymentPostprocessing = 0;
		};
/* End PBXFrameworksBuildPhase section */

/* Begin PBXGroup section */
		0AFCD2A01F169FD500E8168C = {
			isa = PBXGroup;
			children = (
				0AFCD2AB1F169FD500E8168C /* Grace City Mobile */,
				0AFCD2C21F169FD500E8168C /* Grace City MobileTests */,
				0AFCD2AA1F169FD500E8168C /* Products */,
			);
			sourceTree = "<group>";
		};
		0AFCD2AA1F169FD500E8168C /* Products */ = {
			isa = PBXGroup;
			children = (
				0AFCD2A91F169FD500E8168C /* Grace City Mobile.app */,
				0AFCD2BF1F169FD500E8168C /* Grace City MobileTests.xctest */,
			);
			name = Products;
			sourceTree = "<group>";
		};
		0AFCD2AB1F169FD500E8168C /* Grace City Mobile */ = {
			isa = PBXGroup;
			children = (
				0AFCD2AC1F169FD500E8168C /* AppDelegate.swift */,
				0AFCD2AE1F169FD500E8168C /* FirstViewController.swift */,
				0AFCD2B01F169FD500E8168C /* SecondViewController.swift */,
				0AFCD2CE1F16A05C00E8168C /* ThirdViewController.swift */,
				0AFCD2D21F16A49B00E8168C /* FourthViewController.swift */,
				0AFCD2D41F16A4B600E8168C /* FifthViewController.swift */,
				0AFCD2B21F169FD500E8168C /* Main.storyboard */,
				0AFCD2B51F169FD500E8168C /* Assets.xcassets */,
				0AFCD2B71F169FD500E8168C /* LaunchScreen.storyboard */,
				0AFCD2BA1F169FD500E8168C /* Info.plist */,
			);
			path = "Grace City Mobile";
			sourceTree = "<group>";
		};
		0AFCD2C21F169FD500E8168C /* Grace City MobileTests */ = {
			isa = PBXGroup;
			children = (
				0AFCD2C31F169FD500E8168C /* Grace_City_MobileTests.swift */,
				0AFCD2C51F169FD500E8168C /* Info.plist */,
			);
			path = "Grace City MobileTests";
			sourceTree = "<group>";
		};
/* End PBXGroup section */

/* Begin PBXNativeTarget section */
		0AFCD2A81F169FD500E8168C /* Grace City Mobile */ = {
			isa = PBXNativeTarget;
			buildConfigurationList = 0AFCD2C81F169FD500E8168C /* Build configuration list for PBXNativeTarget "Grace City Mobile" */;
			buildPhases = (
				0AFCD2A51F169FD500E8168C /* Sources */,
				0AFCD2A61F169FD500E8168C /* Frameworks */,
				0AFCD2A71F169FD500E8168C /* Resources */,
			);
			buildRules = (
			);
			dependencies = (
			);
			name = "Grace City Mobile";
			productName = "Grace City Mobile";
			productReference = 0AFCD2A91F169FD500E8168C /* Grace City Mobile.app */;
			productType = "com.apple.product-type.application";
		};
		0AFCD2BE1F169FD500E8168C /* Grace City MobileTests */ = {
			isa = PBXNativeTarget;
			buildConfigurationList = 0AFCD2CB1F169FD500E8168C /* Build configuration list for PBXNativeTarget "Grace City MobileTests" */;
			buildPhases = (
				0AFCD2BB1F169FD500E8168C /* Sources */,
				0AFCD2BC1F169FD500E8168C /* Frameworks */,
				0AFCD2BD1F169FD500E8168C /* Resources */,
			);
			buildRules = (
			);
			dependencies = (
				0AFCD2C11F169FD500E8168C /* PBXTargetDependency */,
			);
			name = "Grace City MobileTests";
			productName = "Grace City MobileTests";
			productReference = 0AFCD2BF1F169FD500E8168C /* Grace City MobileTests.xctest */;
			productType = "com.apple.product-type.bundle.unit-test";
		};
/* End PBXNativeTarget section */

/* Begin PBXProject section */
		0AFCD2A11F169FD500E8168C /* Project object */ = {
			isa = PBXProject;
			attributes = {
				LastSwiftUpdateCheck = 0830;
				LastUpgradeCheck = 0830;
				ORGANIZATIONNAME = "Kevin Stine";
				TargetAttributes = {
					0AFCD2A81F169FD500E8168C = {
						CreatedOnToolsVersion = 8.3.3;
						DevelopmentTeam = SG9F2QBA8C;
						ProvisioningStyle = Automatic;
					};
					0AFCD2BE1F169FD500E8168C = {
						CreatedOnToolsVersion = 8.3.3;
						DevelopmentTeam = SG9F2QBA8C;
						ProvisioningStyle = Automatic;
						TestTargetID = 0AFCD2A81F169FD500E8168C;
					};
				};
			};
			buildConfigurationList = 0AFCD2A41F169FD500E8168C /* Build configuration list for PBXProject "Grace City Mobile" */;
			compatibilityVersion = "Xcode 3.2";
			developmentRegion = English;
			hasScannedForEncodings = 0;
			knownRegions = (
				en,
				Base,
			);
			mainGroup = 0AFCD2A01F169FD500E8168C;
			productRefGroup = 0AFCD2AA1F169FD500E8168C /* Products */;
			projectDirPath = "";
			projectRoot = "";
			targets = (
				0AFCD2A81F169FD500E8168C /* Grace City Mobile */,
				0AFCD2BE1F169FD500E8168C /* Grace City MobileTests */,
			);
		};
/* End PBXProject section */

/* Begin PBXResourcesBuildPhase section */
		0AFCD2A71F169FD500E8168C /* Resources */ = {
			isa = PBXResourcesBuildPhase;
			buildActionMask = 2147483647;
			files = (
				0AFCD2B91F169FD500E8168C /* LaunchScreen.storyboard in Resources */,
				0AFCD2B61F169FD500E8168C /* Assets.xcassets in Resources */,
				0AFCD2B41F169FD500E8168C /* Main.storyboard in Resources */,
			);
			runOnlyForDeploymentPostprocessing = 0;
		};
		0AFCD2BD1F169FD500E8168C /* Resources */ = {
			isa = PBXResourcesBuildPhase;
			buildActionMask = 2147483647;
			files = (
			);
			runOnlyForDeploymentPostprocessing = 0;
		};
/* End PBXResourcesBuildPhase section */

/* Begin PBXSourcesBuildPhase section */
		0AFCD2A51F169FD500E8168C /* Sources */ = {
			isa = PBXSourcesBuildPhase;
			buildActionMask = 2147483647;
			files = (
				0AFCD2D51F16A4B600E8168C /* FifthViewController.swift in Sources */,
				0AFCD2B11F169FD500E8168C /* SecondViewController.swift in Sources */,
				0AFCD2AD1F169FD500E8168C /* AppDelegate.swift in Sources */,
				0AFCD2CF1F16A05C00E8168C /* ThirdViewController.swift in Sources */,
				0AFCD2AF1F169FD500E8168C /* FirstViewController.swift in Sources */,
				0AFCD2D31F16A49B00E8168C /* FourthViewController.swift in Sources */,
			);
			runOnlyForDeploymentPostprocessing = 0;
		};
		0AFCD2BB1F169FD500E8168C /* Sources */ = {
			isa = PBXSourcesBuildPhase;
			buildActionMask = 2147483647;
			files = (
				0AFCD2C41F169FD500E8168C /* Grace_City_MobileTests.swift in Sources */,
			);
			runOnlyForDeploymentPostprocessing = 0;
		};
/* End PBXSourcesBuildPhase section */

/* Begin PBXTargetDependency section */
		0AFCD2C11F169FD500E8168C /* PBXTargetDependency */ = {
			isa = PBXTargetDependency;
			target = 0AFCD2A81F169FD500E8168C /* Grace City Mobile */;
			targetProxy = 0AFCD2C01F169FD500E8168C /* PBXContainerItemProxy */;
		};
/* End PBXTargetDependency section */

/* Begin PBXVariantGroup section */
		0AFCD2B21F169FD500E8168C /* Main.storyboard */ = {
			isa = PBXVariantGroup;
			children = (
				0AFCD2B31F169FD500E8168C /* Base */,
			);
			name = Main.storyboard;
			sourceTree = "<group>";
		};
		0AFCD2B71F169FD500E8168C /* LaunchScreen.storyboard */ = {
			isa = PBXVariantGroup;
			children = (
				0AFCD2B81F169FD500E8168C /* Base */,
			);
			name = LaunchScreen.storyboard;
			sourceTree = "<group>";
		};
/* End PBXVariantGroup section */

/* Begin XCBuildConfiguration section */
		0AFCD2C61F169FD500E8168C /* Debug */ = {
			isa = XCBuildConfiguration;
			buildSettings = {
				ALWAYS_SEARCH_USER_PATHS = NO;
				CLANG_ANALYZER_NONNULL = YES;
				CLANG_ANALYZER_NUMBER_OBJECT_CONVERSION = YES_AGGRESSIVE;
				CLANG_CXX_LANGUAGE_STANDARD = "gnu++0x";
				CLANG_CXX_LIBRARY = "libc++";
				CLANG_ENABLE_MODULES = YES;
				CLANG_ENABLE_OBJC_ARC = YES;
				CLANG_WARN_BOOL_CONVERSION = YES;
				CLANG_WARN_CONSTANT_CONVERSION = YES;
				CLANG_WARN_DIRECT_OBJC_ISA_USAGE = YES_ERROR;
				CLANG_WARN_DOCUMENTATION_COMMENTS = YES;
				CLANG_WARN_EMPTY_BODY = YES;
				CLANG_WARN_ENUM_CONVERSION = YES;
				CLANG_WARN_INFINITE_RECURSION = YES;
				CLANG_WARN_INT_CONVERSION = YES;
				CLANG_WARN_OBJC_ROOT_CLASS = YES_ERROR;
				CLANG_WARN_SUSPICIOUS_MOVE = YES;
				CLANG_WARN_UNREACHABLE_CODE = YES;
				CLANG_WARN__DUPLICATE_METHOD_MATCH = YES;
				"CODE_SIGN_IDENTITY[sdk=iphoneos*]" = "iPhone Developer";
				COPY_PHASE_STRIP = NO;
				DEBUG_INFORMATION_FORMAT = dwarf;
				ENABLE_STRICT_OBJC_MSGSEND = YES;
				ENABLE_TESTABILITY = YES;
				GCC_C_LANGUAGE_STANDARD = gnu99;
				GCC_DYNAMIC_NO_PIC = NO;
				GCC_NO_COMMON_BLOCKS = YES;
				GCC_OPTIMIZATION_LEVEL = 0;
				GCC_PREPROCESSOR_DEFINITIONS = (
					"DEBUG=1",
					"$(inherited)",
				);
				GCC_WARN_64_TO_32_BIT_CONVERSION = YES;
				GCC_WARN_ABOUT_RETURN_TYPE = YES_ERROR;
				GCC_WARN_UNDECLARED_SELECTOR = YES;
				GCC_WARN_UNINITIALIZED_AUTOS = YES_AGGRESSIVE;
				GCC_WARN_UNUSED_FUNCTION = YES;
				GCC_WARN_UNUSED_VARIABLE = YES;
				IPHONEOS_DEPLOYMENT_TARGET = 10.3;
				MTL_ENABLE_DEBUG_INFO = YES;
				ONLY_ACTIVE_ARCH = YES;
				SDKROOT = iphoneos;
				SWIFT_ACTIVE_COMPILATION_CONDITIONS = DEBUG;
				SWIFT_OPTIMIZATION_LEVEL = "-Onone";
				TARGETED_DEVICE_FAMILY = "1,2";
			};
			name = Debug;
		};
		0AFCD2C71F169FD500E8168C /* Release */ = {
			isa = XCBuildConfiguration;
			buildSettings = {
				ALWAYS_SEARCH_USER_PATHS = NO;
				CLANG_ANALYZER_NONNULL = YES;
				CLANG_ANALYZER_NUMBER_OBJECT_CONVERSION = YES_AGGRESSIVE;
				CLANG_CXX_LANGUAGE_STANDARD = "gnu++0x";
				CLANG_CXX_LIBRARY = "libc++";
				CLANG_ENABLE_MODULES = YES;
				CLANG_ENABLE_OBJC_ARC = YES;
				CLANG_WARN_BOOL_CONVERSION = YES;
				CLANG_WARN_CONSTANT_CONVERSION = YES;
				CLANG_WARN_DIRECT_OBJC_ISA_USAGE = YES_ERROR;
				CLANG_WARN_DOCUMENTATION_COMMENTS = YES;
				CLANG_WARN_EMPTY_BODY = YES;
				CLANG_WARN_ENUM_CONVERSION = YES;
				CLANG_WARN_INFINITE_RECURSION = YES;
				CLANG_WARN_INT_CONVERSION = YES;
				CLANG_WARN_OBJC_ROOT_CLASS = YES_ERROR;
				CLANG_WARN_SUSPICIOUS_MOVE = YES;
				CLANG_WARN_UNREACHABLE_CODE = YES;
				CLANG_WARN__DUPLICATE_METHOD_MATCH = YES;
				"CODE_SIGN_IDENTITY[sdk=iphoneos*]" = "iPhone Developer";
				COPY_PHASE_STRIP = NO;
				DEBUG_INFORMATION_FORMAT = "dwarf-with-dsym";
				ENABLE_NS_ASSERTIONS = NO;
				ENABLE_STRICT_OBJC_MSGSEND = YES;
				GCC_C_LANGUAGE_STANDARD = gnu99;
				GCC_NO_COMMON_BLOCKS = YES;
				GCC_WARN_64_TO_32_BIT_CONVERSION = YES;
				GCC_WARN_ABOUT_RETURN_TYPE = YES_ERROR;
				GCC_WARN_UNDECLARED_SELECTOR = YES;
				GCC_WARN_UNINITIALIZED_AUTOS = YES_AGGRESSIVE;
				GCC_WARN_UNUSED_FUNCTION = YES;
				GCC_WARN_UNUSED_VARIABLE = YES;
				IPHONEOS_DEPLOYMENT_TARGET = 10.3;
				MTL_ENABLE_DEBUG_INFO = NO;
				SDKROOT = iphoneos;
				SWIFT_OPTIMIZATION_LEVEL = "-Owholemodule";
				TARGETED_DEVICE_FAMILY = "1,2";
				VALIDATE_PRODUCT = YES;
			};
			name = Release;
		};
		0AFCD2C91F169FD500E8168C /* Debug */ = {
			isa = XCBuildConfiguration;
			buildSettings = {
				ASSETCATALOG_COMPILER_APPICON_NAME = AppIcon;
				DEVELOPMENT_TEAM = SG9F2QBA8C;
				INFOPLIST_FILE = "Grace City Mobile/Info.plist";
				LD_RUNPATH_SEARCH_PATHS = "$(inherited) @executable_path/Frameworks";
				PRODUCT_BUNDLE_IDENTIFIER = "com.example.Grace-City-Mobile";
				PRODUCT_NAME = "$(TARGET_NAME)";
				SWIFT_VERSION = 3.0;
			};
			name = Debug;
		};
		0AFCD2CA1F169FD500E8168C /* Release */ = {
			isa = XCBuildConfiguration;
			buildSettings = {
				ASSETCATALOG_COMPILER_APPICON_NAME = AppIcon;
				DEVELOPMENT_TEAM = SG9F2QBA8C;
				INFOPLIST_FILE = "Grace City Mobile/Info.plist";
				LD_RUNPATH_SEARCH_PATHS = "$(inherited) @executable_path/Frameworks";
				PRODUCT_BUNDLE_IDENTIFIER = "com.example.Grace-City-Mobile";
				PRODUCT_NAME = "$(TARGET_NAME)";
				SWIFT_VERSION = 3.0;
			};
			name = Release;
		};
		0AFCD2CC1F169FD500E8168C /* Debug */ = {
			isa = XCBuildConfiguration;
			buildSettings = {
				ALWAYS_EMBED_SWIFT_STANDARD_LIBRARIES = YES;
				BUNDLE_LOADER = "$(TEST_HOST)";
				DEVELOPMENT_TEAM = SG9F2QBA8C;
				INFOPLIST_FILE = "Grace City MobileTests/Info.plist";
				LD_RUNPATH_SEARCH_PATHS = "$(inherited) @executable_path/Frameworks @loader_path/Frameworks";
				PRODUCT_BUNDLE_IDENTIFIER = "com.example.Grace-City-MobileTests";
				PRODUCT_NAME = "$(TARGET_NAME)";
				SWIFT_VERSION = 3.0;
				TEST_HOST = "$(BUILT_PRODUCTS_DIR)/Grace City Mobile.app/Grace City Mobile";
			};
			name = Debug;
		};
		0AFCD2CD1F169FD500E8168C /* Release */ = {
			isa = XCBuildConfiguration;
			buildSettings = {
				ALWAYS_EMBED_SWIFT_STANDARD_LIBRARIES = YES;
				BUNDLE_LOADER = "$(TEST_HOST)";
				DEVELOPMENT_TEAM = SG9F2QBA8C;
				INFOPLIST_FILE = "Grace City MobileTests/Info.plist";
				LD_RUNPATH_SEARCH_PATHS = "$(inherited) @executable_path/Frameworks @loader_path/Frameworks";
				PRODUCT_BUNDLE_IDENTIFIER = "com.example.Grace-City-MobileTests";
				PRODUCT_NAME = "$(TARGET_NAME)";
				SWIFT_VERSION = 3.0;
				TEST_HOST = "$(BUILT_PRODUCTS_DIR)/Grace City Mobile.app/Grace City Mobile";
			};
			name = Release;
		};
/* End XCBuildConfiguration section */

/* Begin XCConfigurationList section */
		0AFCD2A41F169FD500E8168C /* Build configuration list for PBXProject "Grace City Mobile" */ = {
			isa = XCConfigurationList;
			buildConfigurations = (
				0AFCD2C61F169FD500E8168C /* Debug */,
				0AFCD2C71F169FD500E8168C /* Release */,
			);
			defaultConfigurationIsVisible = 0;
			defaultConfigurationName = Release;
		};
		0AFCD2C81F169FD500E8168C /* Build configuration list for PBXNativeTarget "Grace City Mobile" */ = {
			isa = XCConfigurationList;
			buildConfigurations = (
				0AFCD2C91F169FD500E8168C /* Debug */,
				0AFCD2CA1F169FD500E8168C /* Release */,
			);
			defaultConfigurationIsVisible = 0;
		};
		0AFCD2CB1F169FD500E8168C /* Build configuration list for PBXNativeTarget "Grace City MobileTests" */ = {
			isa = XCConfigurationList;
			buildConfigurations = (
				0AFCD2CC1F169FD500E8168C /* Debug */,
				0AFCD2CD1F169FD500E8168C /* Release */,
			);
			defaultConfigurationIsVisible = 0;
		};
/* End XCConfigurationList section */
	};
	rootObject = 0AFCD2A11F169FD500E8168C /* Project object */;
}
